
Microsoft Visual Studio Solution File, Format Version 12.00
# Visual Studio Version 16
VisualStudioVersion = 16.0.30717.126
MinimumVisualStudioVersion = 10.0.40219.1
Project("{FAE04EC0-301F-11D3-BF4B-00C04F79EFBC}") = "CrystalReportsAsp.netMVCIntro", "CrystalReportsAsp.netMVCIntro\CrystalReportsAsp.netMVCIntro.csproj", "{243AFCC1-1B8C-497F-A7AF-87BC5A24FD6E}"
EndProject
Global
	GlobalSection(SolutionConfigurationPlatforms) = preSolution
		Debug|Any CPU = Debug|Any CPU
		Release|Any CPU = Release|Any CPU
	EndGlobalSection
	GlobalSection(ProjectConfigurationPlatforms) = postSolution
		{243AFCC1-1B8C-497F-A7AF-87BC5A24FD6E}.Debug|Any CPU.ActiveCfg = Debug|Any CPU
		{243AFCC1-1B8C-497F-A7AF-87BC5A24FD6E}.Debug|Any CPU.Build.0 = Debug|Any CPU
		{243AFCC1-1B8C-497F-A7AF-87BC5A24FD6E}.Release|Any CPU.ActiveCfg = Release|Any CPU
		{243AFCC1-1B8C-497F-A7AF-87BC5A24FD6E}.Release|Any CPU.Build.0 = Release|Any CPU
	EndGlobalSection
	GlobalSection(SolutionProperties) = preSolution
		HideSolutionNode = FALSE
	EndGlobalSection
	GlobalSection(ExtensibilityGlobals) = postSolution
		SolutionGuid = {6A058AC7-8C49-46DE-AE7E-E9F490169C3C}
	EndGlobalSection
EndGlobal
